
Microsoft Visual Studio Solution File, Format Version 12.00
# Visual Studio Version 17
VisualStudioVersion = 17.1.32421.90
MinimumVisualStudioVersion = 10.0.40219.1
Project("{FAE04EC0-301F-11D3-BF4B-00C04F79EFBC}") = "PrimeNumber", "PrimeNumber.csproj", "{24A92E86-16A8-4164-B3B7-7CFB8127CE62}"
EndProject
Global
	GlobalSection(SolutionConfigurationPlatforms) = preSolution
		Debug|Any CPU = Debug|Any CPU
		Release|Any CPU = Release|Any CPU
	EndGlobalSection
	GlobalSection(ProjectConfigurationPlatforms) = postSolution
		{24A92E86-16A8-4164-B3B7-7CFB8127CE62}.Debug|Any CPU.ActiveCfg = Debug|Any CPU
		{24A92E86-16A8-4164-B3B7-7CFB8127CE62}.Debug|Any CPU.Build.0 = Debug|Any CPU
		{24A92E86-16A8-4164-B3B7-7CFB8127CE62}.Release|Any CPU.ActiveCfg = Release|Any CPU
		{24A92E86-16A8-4164-B3B7-7CFB8127CE62}.Release|Any CPU.Build.0 = Release|Any CPU
	EndGlobalSection
	GlobalSection(SolutionProperties) = preSolution
		HideSolutionNode = FALSE
	EndGlobalSection
	GlobalSection(ExtensibilityGlobals) = postSolution
		SolutionGuid = {A6C2A2F8-6025-47C2-BD0F-F7CABBAB72D3}
	EndGlobalSection
EndGlobal
